// !$*UTF8*$!
{
	archiveVersion = 1;
	classes = {
	};
	objectVersion = 56;
	objects = {

/* Begin PBXBuildFile section */
		2A3C597929E5335200C6816D /* NewsViewController.swift in Sources */ = {isa = PBXBuildFile; fileRef = 2A3C597829E5335200C6816D /* NewsViewController.swift */; };
		2A3C597C29E539D000C6816D /* String+.swift in Sources */ = {isa = PBXBuildFile; fileRef = 2A3C597B29E539D000C6816D /* String+.swift */; };
		2AF92DA929A3157F0073A88E /* AppDelegate.swift in Sources */ = {isa = PBXBuildFile; fileRef = 2AF92DA829A3157F0073A88E /* AppDelegate.swift */; };
		2AF92DAB29A3157F0073A88E /* SceneDelegate.swift in Sources */ = {isa = PBXBuildFile; fileRef = 2AF92DAA29A3157F0073A88E /* SceneDelegate.swift */; };
		2AF92DB029A3157F0073A88E /* Main.storyboard in Resources */ = {isa = PBXBuildFile; fileRef = 2AF92DAE29A3157F0073A88E /* Main.storyboard */; };
		2AF92DB329A3157F0073A88E /* MVVM_ToyProject.xcdatamodeld in Sources */ = {isa = PBXBuildFile; fileRef = 2AF92DB129A3157F0073A88E /* MVVM_ToyProject.xcdatamodeld */; };
		2AF92DB529A315800073A88E /* Assets.xcassets in Resources */ = {isa = PBXBuildFile; fileRef = 2AF92DB429A315800073A88E /* Assets.xcassets */; };
		2AF92DB829A315800073A88E /* LaunchScreen.storyboard in Resources */ = {isa = PBXBuildFile; fileRef = 2AF92DB629A315800073A88E /* LaunchScreen.storyboard */; };
		2AF92DC329A315800073A88E /* MVVM_ToyProjectTests.swift in Sources */ = {isa = PBXBuildFile; fileRef = 2AF92DC229A315800073A88E /* MVVM_ToyProjectTests.swift */; };
		2AF92DCD29A315800073A88E /* MVVM_ToyProjectUITests.swift in Sources */ = {isa = PBXBuildFile; fileRef = 2AF92DCC29A315800073A88E /* MVVM_ToyProjectUITests.swift */; };
		2AF92DCF29A315800073A88E /* MVVM_ToyProjectUITestsLaunchTests.swift in Sources */ = {isa = PBXBuildFile; fileRef = 2AF92DCE29A315800073A88E /* MVVM_ToyProjectUITestsLaunchTests.swift */; };
		2AF92DE229A4A6240073A88E /* Article.swift in Sources */ = {isa = PBXBuildFile; fileRef = 2AF92DE129A4A6240073A88E /* Article.swift */; };
		2AF92DE429A4A6AE0073A88E /* NewsViewModel.swift in Sources */ = {isa = PBXBuildFile; fileRef = 2AF92DE329A4A6AE0073A88E /* NewsViewModel.swift */; };
		2AF92DE829A603210073A88E /* NetworkService.swift in Sources */ = {isa = PBXBuildFile; fileRef = 2AF92DE729A603210073A88E /* NetworkService.swift */; };
		2AF92DEB29A6284B0073A88E /* NewsTableViewCell.swift in Sources */ = {isa = PBXBuildFile; fileRef = 2AF92DEA29A6284B0073A88E /* NewsTableViewCell.swift */; };
/* End PBXBuildFile section */

/* Begin PBXContainerItemProxy section */
		2AF92DBF29A315800073A88E /* PBXContainerItemProxy */ = {
			isa = PBXContainerItemProxy;
			containerPortal = 2AF92D9D29A3157F0073A88E /* Project object */;
			proxyType = 1;
			remoteGlobalIDString = 2AF92DA429A3157F0073A88E;
			remoteInfo = MVVM_ToyProject;
		};
		2AF92DC929A315800073A88E /* PBXContainerItemProxy */ = {
			isa = PBXContainerItemProxy;
			containerPortal = 2AF92D9D29A3157F0073A88E /* Project object */;
			proxyType = 1;
			remoteGlobalIDString = 2AF92DA429A3157F0073A88E;
			remoteInfo = MVVM_ToyProject;
		};
/* End PBXContainerItemProxy section */

/* Begin PBXFileReference section */
		2A3C597829E5335200C6816D /* NewsViewController.swift */ = {isa = PBXFileReference; fileEncoding = 4; lastKnownFileType = sourcecode.swift; path = NewsViewController.swift; sourceTree = "<group>"; };
		2A3C597B29E539D000C6816D /* String+.swift */ = {isa = PBXFileReference; lastKnownFileType = sourcecode.swift; path = "String+.swift"; sourceTree = "<group>"; };
		2AF92DA529A3157F0073A88E /* MVVM_ToyProject.app */ = {isa = PBXFileReference; explicitFileType = wrapper.application; includeInIndex = 0; path = MVVM_ToyProject.app; sourceTree = BUILT_PRODUCTS_DIR; };
		2AF92DA829A3157F0073A88E /* AppDelegate.swift */ = {isa = PBXFileReference; lastKnownFileType = sourcecode.swift; path = AppDelegate.swift; sourceTree = "<group>"; };
		2AF92DAA29A3157F0073A88E /* SceneDelegate.swift */ = {isa = PBXFileReference; lastKnownFileType = sourcecode.swift; path = SceneDelegate.swift; sourceTree = "<group>"; };
		2AF92DAF29A3157F0073A88E /* Base */ = {isa = PBXFileReference; lastKnownFileType = file.storyboard; name = Base; path = Base.lproj/Main.storyboard; sourceTree = "<group>"; };
		2AF92DB229A3157F0073A88E /* MVVM_ToyProject.xcdatamodel */ = {isa = PBXFileReference; lastKnownFileType = wrapper.xcdatamodel; path = MVVM_ToyProject.xcdatamodel; sourceTree = "<group>"; };
		2AF92DB429A315800073A88E /* Assets.xcassets */ = {isa = PBXFileReference; lastKnownFileType = folder.assetcatalog; path = Assets.xcassets; sourceTree = "<group>"; };
		2AF92DB729A315800073A88E /* Base */ = {isa = PBXFileReference; lastKnownFileType = file.storyboard; name = Base; path = Base.lproj/LaunchScreen.storyboard; sourceTree = "<group>"; };
		2AF92DB929A315800073A88E /* Info.plist */ = {isa = PBXFileReference; lastKnownFileType = text.plist.xml; path = Info.plist; sourceTree = "<group>"; };
		2AF92DBE29A315800073A88E /* MVVM_ToyProjectTests.xctest */ = {isa = PBXFileReference; explicitFileType = wrapper.cfbundle; includeInIndex = 0; path = MVVM_ToyProjectTests.xctest; sourceTree = BUILT_PRODUCTS_DIR; };
		2AF92DC229A315800073A88E /* MVVM_ToyProjectTests.swift */ = {isa = PBXFileReference; lastKnownFileType = sourcecode.swift; path = MVVM_ToyProjectTests.swift; sourceTree = "<group>"; };
		2AF92DC829A315800073A88E /* MVVM_ToyProjectUITests.xctest */ = {isa = PBXFileReference; explicitFileType = wrapper.cfbundle; includeInIndex = 0; path = MVVM_ToyProjectUITests.xctest; sourceTree = BUILT_PRODUCTS_DIR; };
		2AF92DCC29A315800073A88E /* MVVM_ToyProjectUITests.swift */ = {isa = PBXFileReference; lastKnownFileType = sourcecode.swift; path = MVVM_ToyProjectUITests.swift; sourceTree = "<group>"; };
		2AF92DCE29A315800073A88E /* MVVM_ToyProjectUITestsLaunchTests.swift */ = {isa = PBXFileReference; lastKnownFileType = sourcecode.swift; path = MVVM_ToyProjectUITestsLaunchTests.swift; sourceTree = "<group>"; };
		2AF92DE129A4A6240073A88E /* Article.swift */ = {isa = PBXFileReference; lastKnownFileType = sourcecode.swift; path = Article.swift; sourceTree = "<group>"; };
		2AF92DE329A4A6AE0073A88E /* NewsViewModel.swift */ = {isa = PBXFileReference; lastKnownFileType = sourcecode.swift; path = NewsViewModel.swift; sourceTree = "<group>"; };
		2AF92DE729A603210073A88E /* NetworkService.swift */ = {isa = PBXFileReference; lastKnownFileType = sourcecode.swift; path = NetworkService.swift; sourceTree = "<group>"; };
		2AF92DEA29A6284B0073A88E /* NewsTableViewCell.swift */ = {isa = PBXFileReference; lastKnownFileType = sourcecode.swift; path = NewsTableViewCell.swift; sourceTree = "<group>"; };
/* End PBXFileReference section */

/* Begin PBXFrameworksBuildPhase section */
		2AF92DA229A3157F0073A88E /* Frameworks */ = {
			isa = PBXFrameworksBuildPhase;
			buildActionMask = 2147483647;
			files = (
			);
			runOnlyForDeploymentPostprocessing = 0;
		};
		2AF92DBB29A315800073A88E /* Frameworks */ = {
			isa = PBXFrameworksBuildPhase;
			buildActionMask = 2147483647;
			files = (
			);
			runOnlyForDeploymentPostprocessing = 0;
		};
		2AF92DC529A315800073A88E /* Frameworks */ = {
			isa = PBXFrameworksBuildPhase;
			buildActionMask = 2147483647;
			files = (
			);
			runOnlyForDeploymentPostprocessing = 0;
		};
/* End PBXFrameworksBuildPhase section */

/* Begin PBXGroup section */
		2A3C597A29E539C100C6816D /* Extension */ = {
			isa = PBXGroup;
			children = (
				2A3C597B29E539D000C6816D /* String+.swift */,
			);
			path = Extension;
			sourceTree = "<group>";
		};
		2AF92D9C29A3157F0073A88E = {
			isa = PBXGroup;
			children = (
				2AF92DA729A3157F0073A88E /* MVVM_ToyProject */,
				2AF92DC129A315800073A88E /* MVVM_ToyProjectTests */,
				2AF92DCB29A315800073A88E /* MVVM_ToyProjectUITests */,
				2AF92DA629A3157F0073A88E /* Products */,
			);
			sourceTree = "<group>";
		};
		2AF92DA629A3157F0073A88E /* Products */ = {
			isa = PBXGroup;
			children = (
				2AF92DA529A3157F0073A88E /* MVVM_ToyProject.app */,
				2AF92DBE29A315800073A88E /* MVVM_ToyProjectTests.xctest */,
				2AF92DC829A315800073A88E /* MVVM_ToyProjectUITests.xctest */,
			);
			name = Products;
			sourceTree = "<group>";
		};
		2AF92DA729A3157F0073A88E /* MVVM_ToyProject */ = {
			isa = PBXGroup;
			children = (
				2AF92DE629A602910073A88E /* Services */,
				2AF92DE529A4A95D0073A88E /* Global */,
				2AF92DE029A4A5EA0073A88E /* Common */,
				2AF92DDD29A318000073A88E /* Model */,
				2AF92DDC29A317F40073A88E /* ViewModel */,
				2AF92DDB29A317EC0073A88E /* View */,
				2AF92DB929A315800073A88E /* Info.plist */,
				2AF92DB129A3157F0073A88E /* MVVM_ToyProject.xcdatamodeld */,
			);
			path = MVVM_ToyProject;
			sourceTree = "<group>";
		};
		2AF92DC129A315800073A88E /* MVVM_ToyProjectTests */ = {
			isa = PBXGroup;
			children = (
				2AF92DC229A315800073A88E /* MVVM_ToyProjectTests.swift */,
			);
			path = MVVM_ToyProjectTests;
			sourceTree = "<group>";
		};
		2AF92DCB29A315800073A88E /* MVVM_ToyProjectUITests */ = {
			isa = PBXGroup;
			children = (
				2AF92DCC29A315800073A88E /* MVVM_ToyProjectUITests.swift */,
				2AF92DCE29A315800073A88E /* MVVM_ToyProjectUITestsLaunchTests.swift */,
			);
			path = MVVM_ToyProjectUITests;
			sourceTree = "<group>";
		};
		2AF92DDB29A317EC0073A88E /* View */ = {
			isa = PBXGroup;
			children = (
				2AF92DE929A627B40073A88E /* ViewComponents */,
				2AF92DAE29A3157F0073A88E /* Main.storyboard */,
				2A3C597829E5335200C6816D /* NewsViewController.swift */,
			);
			path = View;
			sourceTree = "<group>";
		};
		2AF92DDC29A317F40073A88E /* ViewModel */ = {
			isa = PBXGroup;
			children = (
				2AF92DE329A4A6AE0073A88E /* NewsViewModel.swift */,
			);
			path = ViewModel;
			sourceTree = "<group>";
		};
		2AF92DDD29A318000073A88E /* Model */ = {
			isa = PBXGroup;
			children = (
				2AF92DE129A4A6240073A88E /* Article.swift */,
			);
			path = Model;
			sourceTree = "<group>";
		};
		2AF92DE029A4A5EA0073A88E /* Common */ = {
			isa = PBXGroup;
			children = (
				2AF92DA829A3157F0073A88E /* AppDelegate.swift */,
				2AF92DAA29A3157F0073A88E /* SceneDelegate.swift */,
			);
			name = Common;
			sourceTree = "<group>";
		};
		2AF92DE529A4A95D0073A88E /* Global */ = {
			isa = PBXGroup;
			children = (
				2A3C597A29E539C100C6816D /* Extension */,
				2AF92DB429A315800073A88E /* Assets.xcassets */,
				2AF92DB629A315800073A88E /* LaunchScreen.storyboard */,
			);
			path = Global;
			sourceTree = "<group>";
		};
		2AF92DE629A602910073A88E /* Services */ = {
			isa = PBXGroup;
			children = (
				2AF92DE729A603210073A88E /* NetworkService.swift */,
			);
			path = Services;
			sourceTree = "<group>";
		};
		2AF92DE929A627B40073A88E /* ViewComponents */ = {
			isa = PBXGroup;
			children = (
				2AF92DEA29A6284B0073A88E /* NewsTableViewCell.swift */,
			);
			path = ViewComponents;
			sourceTree = "<group>";
		};
/* End PBXGroup section */

/* Begin PBXNativeTarget section */
		2AF92DA429A3157F0073A88E /* MVVM_ToyProject */ = {
			isa = PBXNativeTarget;
			buildConfigurationList = 2AF92DD229A315800073A88E /* Build configuration list for PBXNativeTarget "MVVM_ToyProject" */;
			buildPhases = (
				2AF92DA129A3157F0073A88E /* Sources */,
				2AF92DA229A3157F0073A88E /* Frameworks */,
				2AF92DA329A3157F0073A88E /* Resources */,
			);
			buildRules = (
			);
			dependencies = (
			);
			name = MVVM_ToyProject;
			productName = MVVM_ToyProject;
			productReference = 2AF92DA529A3157F0073A88E /* MVVM_ToyProject.app */;
			productType = "com.apple.product-type.application";
		};
		2AF92DBD29A315800073A88E /* MVVM_ToyProjectTests */ = {
			isa = PBXNativeTarget;
			buildConfigurationList = 2AF92DD529A315800073A88E /* Build configuration list for PBXNativeTarget "MVVM_ToyProjectTests" */;
			buildPhases = (
				2AF92DBA29A315800073A88E /* Sources */,
				2AF92DBB29A315800073A88E /* Frameworks */,
				2AF92DBC29A315800073A88E /* Resources */,
			);
			buildRules = (
			);
			dependencies = (
				2AF92DC029A315800073A88E /* PBXTargetDependency */,
			);
			name = MVVM_ToyProjectTests;
			productName = MVVM_ToyProjectTests;
			productReference = 2AF92DBE29A315800073A88E /* MVVM_ToyProjectTests.xctest */;
			productType = "com.apple.product-type.bundle.unit-test";
		};
		2AF92DC729A315800073A88E /* MVVM_ToyProjectUITests */ = {
			isa = PBXNativeTarget;
			buildConfigurationList = 2AF92DD829A315800073A88E /* Build configuration list for PBXNativeTarget "MVVM_ToyProjectUITests" */;
			buildPhases = (
				2AF92DC429A315800073A88E /* Sources */,
				2AF92DC529A315800073A88E /* Frameworks */,
				2AF92DC629A315800073A88E /* Resources */,
			);
			buildRules = (
			);
			dependencies = (
				2AF92DCA29A315800073A88E /* PBXTargetDependency */,
			);
			name = MVVM_ToyProjectUITests;
			productName = MVVM_ToyProjectUITests;
			productReference = 2AF92DC829A315800073A88E /* MVVM_ToyProjectUITests.xctest */;
			productType = "com.apple.product-type.bundle.ui-testing";
		};
/* End PBXNativeTarget section */

/* Begin PBXProject section */
		2AF92D9D29A3157F0073A88E /* Project object */ = {
			isa = PBXProject;
			attributes = {
				BuildIndependentTargetsInParallel = 1;
				LastSwiftUpdateCheck = 1410;
				LastUpgradeCheck = 1410;
				TargetAttributes = {
					2AF92DA429A3157F0073A88E = {
						CreatedOnToolsVersion = 14.1;
					};
					2AF92DBD29A315800073A88E = {
						CreatedOnToolsVersion = 14.1;
						TestTargetID = 2AF92DA429A3157F0073A88E;
					};
					2AF92DC729A315800073A88E = {
						CreatedOnToolsVersion = 14.1;
						TestTargetID = 2AF92DA429A3157F0073A88E;
					};
				};
			};
			buildConfigurationList = 2AF92DA029A3157F0073A88E /* Build configuration list for PBXProject "MVVM_ToyProject" */;
			compatibilityVersion = "Xcode 14.0";
			developmentRegion = en;
			hasScannedForEncodings = 0;
			knownRegions = (
				en,
				Base,
			);
			mainGroup = 2AF92D9C29A3157F0073A88E;
			productRefGroup = 2AF92DA629A3157F0073A88E /* Products */;
			projectDirPath = "";
			projectRoot = "";
			targets = (
				2AF92DA429A3157F0073A88E /* MVVM_ToyProject */,
				2AF92DBD29A315800073A88E /* MVVM_ToyProjectTests */,
				2AF92DC729A315800073A88E /* MVVM_ToyProjectUITests */,
			);
		};
/* End PBXProject section */

/* Begin PBXResourcesBuildPhase section */
		2AF92DA329A3157F0073A88E /* Resources */ = {
			isa = PBXResourcesBuildPhase;
			buildActionMask = 2147483647;
			files = (
				2AF92DB829A315800073A88E /* LaunchScreen.storyboard in Resources */,
				2AF92DB529A315800073A88E /* Assets.xcassets in Resources */,
				2AF92DB029A3157F0073A88E /* Main.storyboard in Resources */,
			);
			runOnlyForDeploymentPostprocessing = 0;
		};
		2AF92DBC29A315800073A88E /* Resources */ = {
			isa = PBXResourcesBuildPhase;
			buildActionMask = 2147483647;
			files = (
			);
			runOnlyForDeploymentPostprocessing = 0;
		};
		2AF92DC629A315800073A88E /* Resources */ = {
			isa = PBXResourcesBuildPhase;
			buildActionMask = 2147483647;
			files = (
			);
			runOnlyForDeploymentPostprocessing = 0;
		};
/* End PBXResourcesBuildPhase section */

/* Begin PBXSourcesBuildPhase section */
		2AF92DA129A3157F0073A88E /* Sources */ = {
			isa = PBXSourcesBuildPhase;
			buildActionMask = 2147483647;
			files = (
				2A3C597C29E539D000C6816D /* String+.swift in Sources */,
				2AF92DB329A3157F0073A88E /* MVVM_ToyProject.xcdatamodeld in Sources */,
				2AF92DE429A4A6AE0073A88E /* NewsViewModel.swift in Sources */,
				2AF92DEB29A6284B0073A88E /* NewsTableViewCell.swift in Sources */,
				2AF92DA929A3157F0073A88E /* AppDelegate.swift in Sources */,
				2AF92DE229A4A6240073A88E /* Article.swift in Sources */,
				2AF92DAB29A3157F0073A88E /* SceneDelegate.swift in Sources */,
				2AF92DE829A603210073A88E /* NetworkService.swift in Sources */,
				2A3C597929E5335200C6816D /* NewsViewController.swift in Sources */,
			);
			runOnlyForDeploymentPostprocessing = 0;
		};
		2AF92DBA29A315800073A88E /* Sources */ = {
			isa = PBXSourcesBuildPhase;
			buildActionMask = 2147483647;
			files = (
				2AF92DC329A315800073A88E /* MVVM_ToyProjectTests.swift in Sources */,
			);
			runOnlyForDeploymentPostprocessing = 0;
		};
		2AF92DC429A315800073A88E /* Sources */ = {
			isa = PBXSourcesBuildPhase;
			buildActionMask = 2147483647;
			files = (
				2AF92DCD29A315800073A88E /* MVVM_ToyProjectUITests.swift in Sources */,
				2AF92DCF29A315800073A88E /* MVVM_ToyProjectUITestsLaunchTests.swift in Sources */,
			);
			runOnlyForDeploymentPostprocessing = 0;
		};
/* End PBXSourcesBuildPhase section */

/* Begin PBXTargetDependency section */
		2AF92DC029A315800073A88E /* PBXTargetDependency */ = {
			isa = PBXTargetDependency;
			target = 2AF92DA429A3157F0073A88E /* MVVM_ToyProject */;
			targetProxy = 2AF92DBF29A315800073A88E /* PBXContainerItemProxy */;
		};
		2AF92DCA29A315800073A88E /* PBXTargetDependency */ = {
			isa = PBXTargetDependency;
			target = 2AF92DA429A3157F0073A88E /* MVVM_ToyProject */;
			targetProxy = 2AF92DC929A315800073A88E /* PBXContainerItemProxy */;
		};
/* End PBXTargetDependency section */

/* Begin PBXVariantGroup section */
		2AF92DAE29A3157F0073A88E /* Main.storyboard */ = {
			isa = PBXVariantGroup;
			children = (
				2AF92DAF29A3157F0073A88E /* Base */,
			);
			name = Main.storyboard;
			sourceTree = "<group>";
		};
		2AF92DB629A315800073A88E /* LaunchScreen.storyboard */ = {
			isa = PBXVariantGroup;
			children = (
				2AF92DB729A315800073A88E /* Base */,
			);
			name = LaunchScreen.storyboard;
			sourceTree = "<group>";
		};
/* End PBXVariantGroup section */

/* Begin XCBuildConfiguration section */
		2AF92DD029A315800073A88E /* Debug */ = {
			isa = XCBuildConfiguration;
			buildSettings = {
				ALWAYS_SEARCH_USER_PATHS = NO;
				CLANG_ANALYZER_NONNULL = YES;
				CLANG_ANALYZER_NUMBER_OBJECT_CONVERSION = YES_AGGRESSIVE;
				CLANG_CXX_LANGUAGE_STANDARD = "gnu++20";
				CLANG_ENABLE_MODULES = YES;
				CLANG_ENABLE_OBJC_ARC = YES;
				CLANG_ENABLE_OBJC_WEAK = YES;
				CLANG_WARN_BLOCK_CAPTURE_AUTORELEASING = YES;
				CLANG_WARN_BOOL_CONVERSION = YES;
				CLANG_WARN_COMMA = YES;
				CLANG_WARN_CONSTANT_CONVERSION = YES;
				CLANG_WARN_DEPRECATED_OBJC_IMPLEMENTATIONS = YES;
				CLANG_WARN_DIRECT_OBJC_ISA_USAGE = YES_ERROR;
				CLANG_WARN_DOCUMENTATION_COMMENTS = YES;
				CLANG_WARN_EMPTY_BODY = YES;
				CLANG_WARN_ENUM_CONVERSION = YES;
				CLANG_WARN_INFINITE_RECURSION = YES;
				CLANG_WARN_INT_CONVERSION = YES;
				CLANG_WARN_NON_LITERAL_NULL_CONVERSION = YES;
				CLANG_WARN_OBJC_IMPLICIT_RETAIN_SELF = YES;
				CLANG_WARN_OBJC_LITERAL_CONVERSION = YES;
				CLANG_WARN_OBJC_ROOT_CLASS = YES_ERROR;
				CLANG_WARN_QUOTED_INCLUDE_IN_FRAMEWORK_HEADER = YES;
				CLANG_WARN_RANGE_LOOP_ANALYSIS = YES;
				CLANG_WARN_STRICT_PROTOTYPES = YES;
				CLANG_WARN_SUSPICIOUS_MOVE = YES;
				CLANG_WARN_UNGUARDED_AVAILABILITY = YES_AGGRESSIVE;
				CLANG_WARN_UNREACHABLE_CODE = YES;
				CLANG_WARN__DUPLICATE_METHOD_MATCH = YES;
				COPY_PHASE_STRIP = NO;
				DEBUG_INFORMATION_FORMAT = dwarf;
				ENABLE_STRICT_OBJC_MSGSEND = YES;
				ENABLE_TESTABILITY = YES;
				GCC_C_LANGUAGE_STANDARD = gnu11;
				GCC_DYNAMIC_NO_PIC = NO;
				GCC_NO_COMMON_BLOCKS = YES;
				GCC_OPTIMIZATION_LEVEL = 0;
				GCC_PREPROCESSOR_DEFINITIONS = (
					"DEBUG=1",
					"$(inherited)",
				);
				GCC_WARN_64_TO_32_BIT_CONVERSION = YES;
				GCC_WARN_ABOUT_RETURN_TYPE = YES_ERROR;
				GCC_WARN_UNDECLARED_SELECTOR = YES;
				GCC_WARN_UNINITIALIZED_AUTOS = YES_AGGRESSIVE;
				GCC_WARN_UNUSED_FUNCTION = YES;
				GCC_WARN_UNUSED_VARIABLE = YES;
				IPHONEOS_DEPLOYMENT_TARGET = 16.1;
				MTL_ENABLE_DEBUG_INFO = INCLUDE_SOURCE;
				MTL_FAST_MATH = YES;
				ONLY_ACTIVE_ARCH = YES;
				SDKROOT = iphoneos;
				SWIFT_ACTIVE_COMPILATION_CONDITIONS = DEBUG;
				SWIFT_OPTIMIZATION_LEVEL = "-Onone";
			};
			name = Debug;
		};
		2AF92DD129A315800073A88E /* Release */ = {
			isa = XCBuildConfiguration;
			buildSettings = {
				ALWAYS_SEARCH_USER_PATHS = NO;
				CLANG_ANALYZER_NONNULL = YES;
				CLANG_ANALYZER_NUMBER_OBJECT_CONVERSION = YES_AGGRESSIVE;
				CLANG_CXX_LANGUAGE_STANDARD = "gnu++20";
				CLANG_ENABLE_MODULES = YES;
				CLANG_ENABLE_OBJC_ARC = YES;
				CLANG_ENABLE_OBJC_WEAK = YES;
				CLANG_WARN_BLOCK_CAPTURE_AUTORELEASING = YES;
				CLANG_WARN_BOOL_CONVERSION = YES;
				CLANG_WARN_COMMA = YES;
				CLANG_WARN_CONSTANT_CONVERSION = YES;
				CLANG_WARN_DEPRECATED_OBJC_IMPLEMENTATIONS = YES;
				CLANG_WARN_DIRECT_OBJC_ISA_USAGE = YES_ERROR;
				CLANG_WARN_DOCUMENTATION_COMMENTS = YES;
				CLANG_WARN_EMPTY_BODY = YES;
				CLANG_WARN_ENUM_CONVERSION = YES;
				CLANG_WARN_INFINITE_RECURSION = YES;
				CLANG_WARN_INT_CONVERSION = YES;
				CLANG_WARN_NON_LITERAL_NULL_CONVERSION = YES;
				CLANG_WARN_OBJC_IMPLICIT_RETAIN_SELF = YES;
				CLANG_WARN_OBJC_LITERAL_CONVERSION = YES;
				CLANG_WARN_OBJC_ROOT_CLASS = YES_ERROR;
				CLANG_WARN_QUOTED_INCLUDE_IN_FRAMEWORK_HEADER = YES;
				CLANG_WARN_RANGE_LOOP_ANALYSIS = YES;
				CLANG_WARN_STRICT_PROTOTYPES = YES;
				CLANG_WARN_SUSPICIOUS_MOVE = YES;
				CLANG_WARN_UNGUARDED_AVAILABILITY = YES_AGGRESSIVE;
				CLANG_WARN_UNREACHABLE_CODE = YES;
				CLANG_WARN__DUPLICATE_METHOD_MATCH = YES;
				COPY_PHASE_STRIP = NO;
				DEBUG_INFORMATION_FORMAT = "dwarf-with-dsym";
				ENABLE_NS_ASSERTIONS = NO;
				ENABLE_STRICT_OBJC_MSGSEND = YES;
				GCC_C_LANGUAGE_STANDARD = gnu11;
				GCC_NO_COMMON_BLOCKS = YES;
				GCC_WARN_64_TO_32_BIT_CONVERSION = YES;
				GCC_WARN_ABOUT_RETURN_TYPE = YES_ERROR;
				GCC_WARN_UNDECLARED_SELECTOR = YES;
				GCC_WARN_UNINITIALIZED_AUTOS = YES_AGGRESSIVE;
				GCC_WARN_UNUSED_FUNCTION = YES;
				GCC_WARN_UNUSED_VARIABLE = YES;
				IPHONEOS_DEPLOYMENT_TARGET = 16.1;
				MTL_ENABLE_DEBUG_INFO = NO;
				MTL_FAST_MATH = YES;
				SDKROOT = iphoneos;
				SWIFT_COMPILATION_MODE = wholemodule;
				SWIFT_OPTIMIZATION_LEVEL = "-O";
				VALIDATE_PRODUCT = YES;
			};
			name = Release;
		};
		2AF92DD329A315800073A88E /* Debug */ = {
			isa = XCBuildConfiguration;
			buildSettings = {
				ASSETCATALOG_COMPILER_APPICON_NAME = AppIcon;
				ASSETCATALOG_COMPILER_GLOBAL_ACCENT_COLOR_NAME = AccentColor;
				CODE_SIGN_STYLE = Automatic;
				CURRENT_PROJECT_VERSION = 1;
				DEVELOPMENT_TEAM = 25YUTG4RN5;
				GENERATE_INFOPLIST_FILE = YES;
				INFOPLIST_FILE = MVVM_ToyProject/Info.plist;
				INFOPLIST_KEY_UIApplicationSupportsIndirectInputEvents = YES;
				INFOPLIST_KEY_UILaunchStoryboardName = LaunchScreen;
				INFOPLIST_KEY_UIMainStoryboardFile = Main;
				INFOPLIST_KEY_UISupportedInterfaceOrientations_iPad = "UIInterfaceOrientationPortrait UIInterfaceOrientationPortraitUpsideDown UIInterfaceOrientationLandscapeLeft UIInterfaceOrientationLandscapeRight";
				INFOPLIST_KEY_UISupportedInterfaceOrientations_iPhone = "UIInterfaceOrientationPortrait UIInterfaceOrientationLandscapeLeft UIInterfaceOrientationLandscapeRight";
				IPHONEOS_DEPLOYMENT_TARGET = 15.5;
				LD_RUNPATH_SEARCH_PATHS = (
					"$(inherited)",
					"@executable_path/Frameworks",
				);
				MARKETING_VERSION = 1.0;
				PRODUCT_BUNDLE_IDENTIFIER = "Taek.MVVM-ToyProject";
				PRODUCT_NAME = "$(TARGET_NAME)";
				SWIFT_EMIT_LOC_STRINGS = YES;
				SWIFT_VERSION = 5.0;
				TARGETED_DEVICE_FAMILY = "1,2";
			};
			name = Debug;
		};
		2AF92DD429A315800073A88E /* Release */ = {
			isa = XCBuildConfiguration;
			buildSettings = {
				ASSETCATALOG_COMPILER_APPICON_NAME = AppIcon;
				ASSETCATALOG_COMPILER_GLOBAL_ACCENT_COLOR_NAME = AccentColor;
				CODE_SIGN_STYLE = Automatic;
				CURRENT_PROJECT_VERSION = 1;
				DEVELOPMENT_TEAM = 25YUTG4RN5;
				GENERATE_INFOPLIST_FILE = YES;
				INFOPLIST_FILE = MVVM_ToyProject/Info.plist;
				INFOPLIST_KEY_UIApplicationSupportsIndirectInputEvents = YES;
				INFOPLIST_KEY_UILaunchStoryboardName = LaunchScreen;
				INFOPLIST_KEY_UIMainStoryboardFile = Main;
				INFOPLIST_KEY_UISupportedInterfaceOrientations_iPad = "UIInterfaceOrientationPortrait UIInterfaceOrientationPortraitUpsideDown UIInterfaceOrientationLandscapeLeft UIInterfaceOrientationLandscapeRight";
				INFOPLIST_KEY_UISupportedInterfaceOrientations_iPhone = "UIInterfaceOrientationPortrait UIInterfaceOrientationLandscapeLeft UIInterfaceOrientationLandscapeRight";
				IPHONEOS_DEPLOYMENT_TARGET = 15.5;
				LD_RUNPATH_SEARCH_PATHS = (
					"$(inherited)",
					"@executable_path/Frameworks",
				);
				MARKETING_VERSION = 1.0;
				PRODUCT_BUNDLE_IDENTIFIER = "Taek.MVVM-ToyProject";
				PRODUCT_NAME = "$(TARGET_NAME)";
				SWIFT_EMIT_LOC_STRINGS = YES;
				SWIFT_VERSION = 5.0;
				TARGETED_DEVICE_FAMILY = "1,2";
			};
			name = Release;
		};
		2AF92DD629A315800073A88E /* Debug */ = {
			isa = XCBuildConfiguration;
			buildSettings = {
				ALWAYS_EMBED_SWIFT_STANDARD_LIBRARIES = YES;
				BUNDLE_LOADER = "$(TEST_HOST)";
				CODE_SIGN_STYLE = Automatic;
				CURRENT_PROJECT_VERSION = 1;
				DEVELOPMENT_TEAM = 25YUTG4RN5;
				GENERATE_INFOPLIST_FILE = YES;
				IPHONEOS_DEPLOYMENT_TARGET = 16.1;
				MARKETING_VERSION = 1.0;
				PRODUCT_BUNDLE_IDENTIFIER = "Taek.MVVM-ToyProjectTests";
				PRODUCT_NAME = "$(TARGET_NAME)";
				SWIFT_EMIT_LOC_STRINGS = NO;
				SWIFT_VERSION = 5.0;
				TARGETED_DEVICE_FAMILY = "1,2";
				TEST_HOST = "$(BUILT_PRODUCTS_DIR)/MVVM_ToyProject.app/$(BUNDLE_EXECUTABLE_FOLDER_PATH)/MVVM_ToyProject";
			};
			name = Debug;
		};
		2AF92DD729A315800073A88E /* Release */ = {
			isa = XCBuildConfiguration;
			buildSettings = {
				ALWAYS_EMBED_SWIFT_STANDARD_LIBRARIES = YES;
				BUNDLE_LOADER = "$(TEST_HOST)";
				CODE_SIGN_STYLE = Automatic;
				CURRENT_PROJECT_VERSION = 1;
				DEVELOPMENT_TEAM = 25YUTG4RN5;
				GENERATE_INFOPLIST_FILE = YES;
				IPHONEOS_DEPLOYMENT_TARGET = 16.1;
				MARKETING_VERSION = 1.0;
				PRODUCT_BUNDLE_IDENTIFIER = "Taek.MVVM-ToyProjectTests";
				PRODUCT_NAME = "$(TARGET_NAME)";
				SWIFT_EMIT_LOC_STRINGS = NO;
				SWIFT_VERSION = 5.0;
				TARGETED_DEVICE_FAMILY = "1,2";
				TEST_HOST = "$(BUILT_PRODUCTS_DIR)/MVVM_ToyProject.app/$(BUNDLE_EXECUTABLE_FOLDER_PATH)/MVVM_ToyProject";
			};
			name = Release;
		};
		2AF92DD929A315800073A88E /* Debug */ = {
			isa = XCBuildConfiguration;
			buildSettings = {
				ALWAYS_EMBED_SWIFT_STANDARD_LIBRARIES = YES;
				CODE_SIGN_STYLE = Automatic;
				CURRENT_PROJECT_VERSION = 1;
				DEVELOPMENT_TEAM = 25YUTG4RN5;
				GENERATE_INFOPLIST_FILE = YES;
				MARKETING_VERSION = 1.0;
				PRODUCT_BUNDLE_IDENTIFIER = "Taek.MVVM-ToyProjectUITests";
				PRODUCT_NAME = "$(TARGET_NAME)";
				SWIFT_EMIT_LOC_STRINGS = NO;
				SWIFT_VERSION = 5.0;
				TARGETED_DEVICE_FAMILY = "1,2";
				TEST_TARGET_NAME = MVVM_ToyProject;
			};
			name = Debug;
		};
		2AF92DDA29A315800073A88E /* Release */ = {
			isa = XCBuildConfiguration;
			buildSettings = {
				ALWAYS_EMBED_SWIFT_STANDARD_LIBRARIES = YES;
				CODE_SIGN_STYLE = Automatic;
				CURRENT_PROJECT_VERSION = 1;
				DEVELOPMENT_TEAM = 25YUTG4RN5;
				GENERATE_INFOPLIST_FILE = YES;
				MARKETING_VERSION = 1.0;
				PRODUCT_BUNDLE_IDENTIFIER = "Taek.MVVM-ToyProjectUITests";
				PRODUCT_NAME = "$(TARGET_NAME)";
				SWIFT_EMIT_LOC_STRINGS = NO;
				SWIFT_VERSION = 5.0;
				TARGETED_DEVICE_FAMILY = "1,2";
				TEST_TARGET_NAME = MVVM_ToyProject;
			};
			name = Release;
		};
/* End XCBuildConfiguration section */

/* Begin XCConfigurationList section */
		2AF92DA029A3157F0073A88E /* Build configuration list for PBXProject "MVVM_ToyProject" */ = {
			isa = XCConfigurationList;
			buildConfigurations = (
				2AF92DD029A315800073A88E /* Debug */,
				2AF92DD129A315800073A88E /* Release */,
			);
			defaultConfigurationIsVisible = 0;
			defaultConfigurationName = Release;
		};
		2AF92DD229A315800073A88E /* Build configuration list for PBXNativeTarget "MVVM_ToyProject" */ = {
			isa = XCConfigurationList;
			buildConfigurations = (
				2AF92DD329A315800073A88E /* Debug */,
				2AF92DD429A315800073A88E /* Release */,
			);
			defaultConfigurationIsVisible = 0;
			defaultConfigurationName = Release;
		};
		2AF92DD529A315800073A88E /* Build configuration list for PBXNativeTarget "MVVM_ToyProjectTests" */ = {
			isa = XCConfigurationList;
			buildConfigurations = (
				2AF92DD629A315800073A88E /* Debug */,
				2AF92DD729A315800073A88E /* Release */,
			);
			defaultConfigurationIsVisible = 0;
			defaultConfigurationName = Release;
		};
		2AF92DD829A315800073A88E /* Build configuration list for PBXNativeTarget "MVVM_ToyProjectUITests" */ = {
			isa = XCConfigurationList;
			buildConfigurations = (
				2AF92DD929A315800073A88E /* Debug */,
				2AF92DDA29A315800073A88E /* Release */,
			);
			defaultConfigurationIsVisible = 0;
			defaultConfigurationName = Release;
		};
/* End XCConfigurationList section */

/* Begin XCVersionGroup section */
		2AF92DB129A3157F0073A88E /* MVVM_ToyProject.xcdatamodeld */ = {
			isa = XCVersionGroup;
			children = (
				2AF92DB229A3157F0073A88E /* MVVM_ToyProject.xcdatamodel */,
			);
			currentVersion = 2AF92DB229A3157F0073A88E /* MVVM_ToyProject.xcdatamodel */;
			path = MVVM_ToyProject.xcdatamodeld;
			sourceTree = "<group>";
			versionGroupType = wrapper.xcdatamodel;
		};
/* End XCVersionGroup section */
	};
	rootObject = 2AF92D9D29A3157F0073A88E /* Project object */;
}
